
Microsoft Visual Studio Solution File, Format Version 12.00
# Visual Studio Version 17
VisualStudioVersion = 17.4.33403.182
MinimumVisualStudioVersion = 10.0.40219.1
Project("{888888A0-9F3D-457C-B088-3A5042F75D52}") = "belirtilen kez yazıyı yazma", "belirtilen kez yazıyı yazma\belirtilen kez yazıyı yazma.pyproj", "{2D7FF687-4BF9-4D17-8796-07CC13DE54BB}"
EndProject
Global
	GlobalSection(SolutionConfigurationPlatforms) = preSolution
		Debug|Any CPU = Debug|Any CPU
		Release|Any CPU = Release|Any CPU
	EndGlobalSection
	GlobalSection(ProjectConfigurationPlatforms) = postSolution
		{2D7FF687-4BF9-4D17-8796-07CC13DE54BB}.Debug|Any CPU.ActiveCfg = Debug|Any CPU
		{2D7FF687-4BF9-4D17-8796-07CC13DE54BB}.Release|Any CPU.ActiveCfg = Release|Any CPU
	EndGlobalSection
	GlobalSection(SolutionProperties) = preSolution
		HideSolutionNode = FALSE
	EndGlobalSection
	GlobalSection(ExtensibilityGlobals) = postSolution
		SolutionGuid = {019B3831-2B7D-4360-BF1F-E29BE41D10DE}
	EndGlobalSection
EndGlobal
